{
  "name": "PaperScript_Exercise",
  "version": "1.0.0",
  "lockfileVersion": 1,
  "requires": true,
  "dependencies": {
    "howler": {
      "version": "2.1.1",
      "resolved": "https://registry.npmjs.org/howler/-/howler-2.1.1.tgz",
      "integrity": "sha512-9nwyDCGxhAGMmNXDfMLv0M/uS/WUg2//jG6t96D8DqbbsVZgXQzsP/ZMItbWO/Fqg7Gg69kOv3xVSDzJdd7aqA=="
    },
    "paper": {
      "version": "0.12.0",
      "resolved": "https://registry.npmjs.org/paper/-/paper-0.12.0.tgz",
      "integrity": "sha512-J4IgSo9g5hdwqEWJOIrl5l0wu2D4JgJmQ/8c/SO7rLKB5POrT5yxWJmXJJ13s2aIQf/Mx9mlCa866BEpvN+gKw=="
    }
  }
}
